
Microsoft Visual Studio Solution File, Format Version 12.00
# Visual Studio 15
VisualStudioVersion = 15.0.28307.1259
MinimumVisualStudioVersion = 10.0.40219.1
Project("{8BC9CEB8-8B4A-11D0-8D11-00A0C91BC942}") = "VeriLab_PreLab1", "VeriLab_PreLab1\VeriLab_PreLab1.vcxproj", "{9C510BCD-A3FB-4435-9FE1-01D967A96002}"
EndProject
Global
	GlobalSection(SolutionConfigurationPlatforms) = preSolution
		Debug|x64 = Debug|x64
		Debug|x86 = Debug|x86
		Release|x64 = Release|x64
		Release|x86 = Release|x86
	EndGlobalSection
	GlobalSection(ProjectConfigurationPlatforms) = postSolution
		{9C510BCD-A3FB-4435-9FE1-01D967A96002}.Debug|x64.ActiveCfg = Debug|x64
		{9C510BCD-A3FB-4435-9FE1-01D967A96002}.Debug|x64.Build.0 = Debug|x64
		{9C510BCD-A3FB-4435-9FE1-01D967A96002}.Debug|x86.ActiveCfg = Debug|Win32
		{9C510BCD-A3FB-4435-9FE1-01D967A96002}.Debug|x86.Build.0 = Debug|Win32
		{9C510BCD-A3FB-4435-9FE1-01D967A96002}.Release|x64.ActiveCfg = Release|x64
		{9C510BCD-A3FB-4435-9FE1-01D967A96002}.Release|x64.Build.0 = Release|x64
		{9C510BCD-A3FB-4435-9FE1-01D967A96002}.Release|x86.ActiveCfg = Release|Win32
		{9C510BCD-A3FB-4435-9FE1-01D967A96002}.Release|x86.Build.0 = Release|Win32
	EndGlobalSection
	GlobalSection(SolutionProperties) = preSolution
		HideSolutionNode = FALSE
	EndGlobalSection
	GlobalSection(ExtensibilityGlobals) = postSolution
		SolutionGuid = {E940DEA4-ED27-4811-AB0C-41C5B3AD0723}
	EndGlobalSection
EndGlobal
