
Microsoft Visual Studio Solution File, Format Version 12.00
# Visual Studio 15
VisualStudioVersion = 15.0.28307.2017
MinimumVisualStudioVersion = 10.0.40219.1
Project("{FAE04EC0-301F-11D3-BF4B-00C04F79EFBC}") = "WindowsFormsApp2", "WindowsFormsApp2\WindowsFormsApp2.csproj", "{FF7C9E9F-2358-41BE-8C05-F85F871BCF7D}"
EndProject
Global
	GlobalSection(SolutionConfigurationPlatforms) = preSolution
		Debug|Any CPU = Debug|Any CPU
		Release|Any CPU = Release|Any CPU
	EndGlobalSection
	GlobalSection(ProjectConfigurationPlatforms) = postSolution
		{FF7C9E9F-2358-41BE-8C05-F85F871BCF7D}.Debug|Any CPU.ActiveCfg = Debug|Any CPU
		{FF7C9E9F-2358-41BE-8C05-F85F871BCF7D}.Debug|Any CPU.Build.0 = Debug|Any CPU
		{FF7C9E9F-2358-41BE-8C05-F85F871BCF7D}.Release|Any CPU.ActiveCfg = Release|Any CPU
		{FF7C9E9F-2358-41BE-8C05-F85F871BCF7D}.Release|Any CPU.Build.0 = Release|Any CPU
	EndGlobalSection
	GlobalSection(SolutionProperties) = preSolution
		HideSolutionNode = FALSE
	EndGlobalSection
	GlobalSection(ExtensibilityGlobals) = postSolution
		SolutionGuid = {C5B45B39-9A74-4620-8A95-63D0322B7CD2}
	EndGlobalSection
EndGlobal
