
Microsoft Visual Studio Solution File, Format Version 12.00
# Visual Studio 15
VisualStudioVersion = 15.0.28307.2017
MinimumVisualStudioVersion = 10.0.40219.1
Project("{FAE04EC0-301F-11D3-BF4B-00C04F79EFBC}") = "WindowsFormsApp1", "WindowsFormsApp1\WindowsFormsApp1.csproj", "{5E0ACEF3-CF94-4BAC-899B-6A486A002DB1}"
EndProject
Project("{FAE04EC0-301F-11D3-BF4B-00C04F79EFBC}") = "Toplama_Dll", "..\Toplama_Dll\Toplama_Dll\Toplama_Dll.csproj", "{1BA01B0F-3D62-4A22-BE01-52A989A17C98}"
EndProject
Global
	GlobalSection(SolutionConfigurationPlatforms) = preSolution
		Debug|Any CPU = Debug|Any CPU
		Release|Any CPU = Release|Any CPU
	EndGlobalSection
	GlobalSection(ProjectConfigurationPlatforms) = postSolution
		{5E0ACEF3-CF94-4BAC-899B-6A486A002DB1}.Debug|Any CPU.ActiveCfg = Debug|Any CPU
		{5E0ACEF3-CF94-4BAC-899B-6A486A002DB1}.Debug|Any CPU.Build.0 = Debug|Any CPU
		{5E0ACEF3-CF94-4BAC-899B-6A486A002DB1}.Release|Any CPU.ActiveCfg = Release|Any CPU
		{5E0ACEF3-CF94-4BAC-899B-6A486A002DB1}.Release|Any CPU.Build.0 = Release|Any CPU
		{1BA01B0F-3D62-4A22-BE01-52A989A17C98}.Debug|Any CPU.ActiveCfg = Debug|Any CPU
		{1BA01B0F-3D62-4A22-BE01-52A989A17C98}.Debug|Any CPU.Build.0 = Debug|Any CPU
		{1BA01B0F-3D62-4A22-BE01-52A989A17C98}.Release|Any CPU.ActiveCfg = Release|Any CPU
		{1BA01B0F-3D62-4A22-BE01-52A989A17C98}.Release|Any CPU.Build.0 = Release|Any CPU
	EndGlobalSection
	GlobalSection(SolutionProperties) = preSolution
		HideSolutionNode = FALSE
	EndGlobalSection
	GlobalSection(ExtensibilityGlobals) = postSolution
		SolutionGuid = {1E3DAEE2-58C5-47FB-B654-F2C908600A77}
	EndGlobalSection
EndGlobal
