
Microsoft Visual Studio Solution File, Format Version 12.00
# Visual Studio 15
VisualStudioVersion = 15.0.28307.2017
MinimumVisualStudioVersion = 10.0.40219.1
Project("{FAE04EC0-301F-11D3-BF4B-00C04F79EFBC}") = "Hafta1_B_2", "Hafta1_B_2\Hafta1_B_2.csproj", "{6D7F586A-768D-4132-8011-1DAF8350B230}"
EndProject
Global
	GlobalSection(SolutionConfigurationPlatforms) = preSolution
		Debug|Any CPU = Debug|Any CPU
		Release|Any CPU = Release|Any CPU
	EndGlobalSection
	GlobalSection(ProjectConfigurationPlatforms) = postSolution
		{6D7F586A-768D-4132-8011-1DAF8350B230}.Debug|Any CPU.ActiveCfg = Debug|Any CPU
		{6D7F586A-768D-4132-8011-1DAF8350B230}.Debug|Any CPU.Build.0 = Debug|Any CPU
		{6D7F586A-768D-4132-8011-1DAF8350B230}.Release|Any CPU.ActiveCfg = Release|Any CPU
		{6D7F586A-768D-4132-8011-1DAF8350B230}.Release|Any CPU.Build.0 = Release|Any CPU
	EndGlobalSection
	GlobalSection(SolutionProperties) = preSolution
		HideSolutionNode = FALSE
	EndGlobalSection
	GlobalSection(ExtensibilityGlobals) = postSolution
		SolutionGuid = {3E27B1DA-4936-4837-B9D2-73DF9382CB50}
	EndGlobalSection
EndGlobal
