
Microsoft Visual Studio Solution File, Format Version 12.00
# Visual Studio 15
VisualStudioVersion = 15.0.28307.1259
MinimumVisualStudioVersion = 10.0.40219.1
Project("{FAE04EC0-301F-11D3-BF4B-00C04F79EFBC}") = "NesneLabDeneme1", "NesneLabDeneme1\NesneLabDeneme1.csproj", "{AEF81B77-00F4-40B5-AABD-964A5C5B464A}"
EndProject
Global
	GlobalSection(SolutionConfigurationPlatforms) = preSolution
		Debug|Any CPU = Debug|Any CPU
		Release|Any CPU = Release|Any CPU
	EndGlobalSection
	GlobalSection(ProjectConfigurationPlatforms) = postSolution
		{AEF81B77-00F4-40B5-AABD-964A5C5B464A}.Debug|Any CPU.ActiveCfg = Debug|Any CPU
		{AEF81B77-00F4-40B5-AABD-964A5C5B464A}.Debug|Any CPU.Build.0 = Debug|Any CPU
		{AEF81B77-00F4-40B5-AABD-964A5C5B464A}.Release|Any CPU.ActiveCfg = Release|Any CPU
		{AEF81B77-00F4-40B5-AABD-964A5C5B464A}.Release|Any CPU.Build.0 = Release|Any CPU
	EndGlobalSection
	GlobalSection(SolutionProperties) = preSolution
		HideSolutionNode = FALSE
	EndGlobalSection
	GlobalSection(ExtensibilityGlobals) = postSolution
		SolutionGuid = {EBAC56F1-F961-4F74-A603-289EA784A634}
	EndGlobalSection
EndGlobal
