
Microsoft Visual Studio Solution File, Format Version 12.00
# Visual Studio 15
VisualStudioVersion = 15.0.33026.149
MinimumVisualStudioVersion = 10.0.40219.1
Project("{8BC9CEB8-8B4A-11D0-8D11-00A0C91BC942}") = "Project2", "Project2\Project2.vcxproj", "{766EB660-AB17-4EBC-9D50-7E99BADECD71}"
EndProject
Global
	GlobalSection(SolutionConfigurationPlatforms) = preSolution
		Debug|x64 = Debug|x64
		Debug|x86 = Debug|x86
		Release|x64 = Release|x64
		Release|x86 = Release|x86
	EndGlobalSection
	GlobalSection(ProjectConfigurationPlatforms) = postSolution
		{766EB660-AB17-4EBC-9D50-7E99BADECD71}.Debug|x64.ActiveCfg = Debug|x64
		{766EB660-AB17-4EBC-9D50-7E99BADECD71}.Debug|x64.Build.0 = Debug|x64
		{766EB660-AB17-4EBC-9D50-7E99BADECD71}.Debug|x86.ActiveCfg = Debug|Win32
		{766EB660-AB17-4EBC-9D50-7E99BADECD71}.Debug|x86.Build.0 = Debug|Win32
		{766EB660-AB17-4EBC-9D50-7E99BADECD71}.Release|x64.ActiveCfg = Release|x64
		{766EB660-AB17-4EBC-9D50-7E99BADECD71}.Release|x64.Build.0 = Release|x64
		{766EB660-AB17-4EBC-9D50-7E99BADECD71}.Release|x86.ActiveCfg = Release|Win32
		{766EB660-AB17-4EBC-9D50-7E99BADECD71}.Release|x86.Build.0 = Release|Win32
	EndGlobalSection
	GlobalSection(SolutionProperties) = preSolution
		HideSolutionNode = FALSE
	EndGlobalSection
	GlobalSection(ExtensibilityGlobals) = postSolution
		SolutionGuid = {99CFF950-D0B3-4D5C-93ED-CCCA4AC6B275}
	EndGlobalSection
EndGlobal
