
Microsoft Visual Studio Solution File, Format Version 12.00
# Visual Studio 15
VisualStudioVersion = 15.0.28307.2017
MinimumVisualStudioVersion = 10.0.40219.1
Project("{FAE04EC0-301F-11D3-BF4B-00C04F79EFBC}") = "WindowsFormsApp3", "WindowsFormsApp3\WindowsFormsApp3.csproj", "{1B5A4ACA-1E34-4A88-9525-7A78824A0CEF}"
EndProject
Global
	GlobalSection(SolutionConfigurationPlatforms) = preSolution
		Debug|Any CPU = Debug|Any CPU
		Release|Any CPU = Release|Any CPU
	EndGlobalSection
	GlobalSection(ProjectConfigurationPlatforms) = postSolution
		{1B5A4ACA-1E34-4A88-9525-7A78824A0CEF}.Debug|Any CPU.ActiveCfg = Debug|Any CPU
		{1B5A4ACA-1E34-4A88-9525-7A78824A0CEF}.Debug|Any CPU.Build.0 = Debug|Any CPU
		{1B5A4ACA-1E34-4A88-9525-7A78824A0CEF}.Release|Any CPU.ActiveCfg = Release|Any CPU
		{1B5A4ACA-1E34-4A88-9525-7A78824A0CEF}.Release|Any CPU.Build.0 = Release|Any CPU
	EndGlobalSection
	GlobalSection(SolutionProperties) = preSolution
		HideSolutionNode = FALSE
	EndGlobalSection
	GlobalSection(ExtensibilityGlobals) = postSolution
		SolutionGuid = {E9556548-5FFD-46A1-9A71-FCFD242F2873}
	EndGlobalSection
EndGlobal
