
Microsoft Visual Studio Solution File, Format Version 12.00
# Visual Studio 15
VisualStudioVersion = 15.0.28307.2017
MinimumVisualStudioVersion = 10.0.40219.1
Project("{FAE04EC0-301F-11D3-BF4B-00C04F79EFBC}") = "WindowsFormsApp4", "WindowsFormsApp4\WindowsFormsApp4.csproj", "{64D4AD82-CC51-4B52-8370-D66867ABA0CD}"
EndProject
Global
	GlobalSection(SolutionConfigurationPlatforms) = preSolution
		Debug|Any CPU = Debug|Any CPU
		Release|Any CPU = Release|Any CPU
	EndGlobalSection
	GlobalSection(ProjectConfigurationPlatforms) = postSolution
		{64D4AD82-CC51-4B52-8370-D66867ABA0CD}.Debug|Any CPU.ActiveCfg = Debug|Any CPU
		{64D4AD82-CC51-4B52-8370-D66867ABA0CD}.Debug|Any CPU.Build.0 = Debug|Any CPU
		{64D4AD82-CC51-4B52-8370-D66867ABA0CD}.Release|Any CPU.ActiveCfg = Release|Any CPU
		{64D4AD82-CC51-4B52-8370-D66867ABA0CD}.Release|Any CPU.Build.0 = Release|Any CPU
	EndGlobalSection
	GlobalSection(SolutionProperties) = preSolution
		HideSolutionNode = FALSE
	EndGlobalSection
	GlobalSection(ExtensibilityGlobals) = postSolution
		SolutionGuid = {F4AD235B-B536-421E-BC32-E6220877C0EA}
	EndGlobalSection
EndGlobal
